
Microsoft Visual Studio Solution File, Format Version 12.00
# Visual Studio Version 17
VisualStudioVersion = 17.10.35027.167
MinimumVisualStudioVersion = 10.0.40219.1
Project("{9A19103F-16F7-4668-BE54-9A1E7A4F7556}") = "BlazorApp1", "BlazorApp1.csproj", "{B5FD81EE-E9A7-43CD-B5C4-E48EC5958629}"
EndProject
Project("{2150E333-8FDC-42A3-9474-1A3956D46DE8}") = "Solution Items", "Solution Items", "{A9DACF23-E240-4E98-B171-AB8FD7F7BE8D}"
	ProjectSection(SolutionItems) = preProject
		.gitignore = .gitignore
	EndProjectSection
EndProject
Global
	GlobalSection(SolutionConfigurationPlatforms) = preSolution
		Debug|Any CPU = Debug|Any CPU
		Release|Any CPU = Release|Any CPU
	EndGlobalSection
	GlobalSection(ProjectConfigurationPlatforms) = postSolution
		{B5FD81EE-E9A7-43CD-B5C4-E48EC5958629}.Debug|Any CPU.ActiveCfg = Debug|Any CPU
		{B5FD81EE-E9A7-43CD-B5C4-E48EC5958629}.Debug|Any CPU.Build.0 = Debug|Any CPU
		{B5FD81EE-E9A7-43CD-B5C4-E48EC5958629}.Release|Any CPU.ActiveCfg = Release|Any CPU
		{B5FD81EE-E9A7-43CD-B5C4-E48EC5958629}.Release|Any CPU.Build.0 = Release|Any CPU
	EndGlobalSection
	GlobalSection(SolutionProperties) = preSolution
		HideSolutionNode = FALSE
	EndGlobalSection
	GlobalSection(ExtensibilityGlobals) = postSolution
		SolutionGuid = {8073DA78-0272-4786-A50E-F8F6CE5D8BA1}
	EndGlobalSection
EndGlobal
